
Microsoft Visual Studio Solution File, Format Version 12.00
# Visual Studio Version 16
VisualStudioVersion = 16.0.28803.156
MinimumVisualStudioVersion = 10.0.40219.1
Project("{9A19103F-16F7-4668-BE54-9A1E7A4F7556}") = "Oop_r14_Attribute", "Oop_r14_Attribute\Oop_r14_Attribute.csproj", "{854DFF9D-F055-4EAC-B9E3-763079DCB84D}"
EndProject
Project("{9A19103F-16F7-4668-BE54-9A1E7A4F7556}") = "Oop_s15_Reflections", "Oop_s15_Reflections\Oop_s15_Reflections.csproj", "{B39077A8-6EA5-44B3-ACEA-541E6C8A589F}"
EndProject
Project("{9A19103F-16F7-4668-BE54-9A1E7A4F7556}") = "Oop_t16_Delegates", "Oop_t16_Delegates\Oop_t16_Delegates.csproj", "{CDF6ED10-EA6D-4C9D-98C6-99C265CD35D4}"
EndProject
Project("{9A19103F-16F7-4668-BE54-9A1E7A4F7556}") = "Oop_u17_Events", "Oop_u17_Events\Oop_u17_Events.csproj", "{6BE44636-2E12-4524-97B4-EB859173D5EC}"
EndProject
Project("{FAE04EC0-301F-11D3-BF4B-00C04F79EFBC}") = "Oop_V19_RecapProjects", "Oop_V19_RecapProjects\Oop_V19_RecapProjects.csproj", "{59CD7F2A-0289-4DD1-82EA-339ED69AA072}"
EndProject
Global
	GlobalSection(SolutionConfigurationPlatforms) = preSolution
		Debug|Any CPU = Debug|Any CPU
		Debug|ARM = Debug|ARM
		Debug|ARM64 = Debug|ARM64
		Debug|x64 = Debug|x64
		Debug|x86 = Debug|x86
		Release|Any CPU = Release|Any CPU
		Release|ARM = Release|ARM
		Release|ARM64 = Release|ARM64
		Release|x64 = Release|x64
		Release|x86 = Release|x86
	EndGlobalSection
	GlobalSection(ProjectConfigurationPlatforms) = postSolution
		{854DFF9D-F055-4EAC-B9E3-763079DCB84D}.Debug|Any CPU.ActiveCfg = Debug|Any CPU
		{854DFF9D-F055-4EAC-B9E3-763079DCB84D}.Debug|Any CPU.Build.0 = Debug|Any CPU
		{854DFF9D-F055-4EAC-B9E3-763079DCB84D}.Debug|ARM.ActiveCfg = Debug|Any CPU
		{854DFF9D-F055-4EAC-B9E3-763079DCB84D}.Debug|ARM.Build.0 = Debug|Any CPU
		{854DFF9D-F055-4EAC-B9E3-763079DCB84D}.Debug|ARM64.ActiveCfg = Debug|Any CPU
		{854DFF9D-F055-4EAC-B9E3-763079DCB84D}.Debug|ARM64.Build.0 = Debug|Any CPU
		{854DFF9D-F055-4EAC-B9E3-763079DCB84D}.Debug|x64.ActiveCfg = Debug|Any CPU
		{854DFF9D-F055-4EAC-B9E3-763079DCB84D}.Debug|x64.Build.0 = Debug|Any CPU
		{854DFF9D-F055-4EAC-B9E3-763079DCB84D}.Debug|x86.ActiveCfg = Debug|Any CPU
		{854DFF9D-F055-4EAC-B9E3-763079DCB84D}.Debug|x86.Build.0 = Debug|Any CPU
		{854DFF9D-F055-4EAC-B9E3-763079DCB84D}.Release|Any CPU.ActiveCfg = Release|Any CPU
		{854DFF9D-F055-4EAC-B9E3-763079DCB84D}.Release|Any CPU.Build.0 = Release|Any CPU
		{854DFF9D-F055-4EAC-B9E3-763079DCB84D}.Release|ARM.ActiveCfg = Release|Any CPU
		{854DFF9D-F055-4EAC-B9E3-763079DCB84D}.Release|ARM.Build.0 = Release|Any CPU
		{854DFF9D-F055-4EAC-B9E3-763079DCB84D}.Release|ARM64.ActiveCfg = Release|Any CPU
		{854DFF9D-F055-4EAC-B9E3-763079DCB84D}.Release|ARM64.Build.0 = Release|Any CPU
		{854DFF9D-F055-4EAC-B9E3-763079DCB84D}.Release|x64.ActiveCfg = Release|Any CPU
		{854DFF9D-F055-4EAC-B9E3-763079DCB84D}.Release|x64.Build.0 = Release|Any CPU
		{854DFF9D-F055-4EAC-B9E3-763079DCB84D}.Release|x86.ActiveCfg = Release|Any CPU
		{854DFF9D-F055-4EAC-B9E3-763079DCB84D}.Release|x86.Build.0 = Release|Any CPU
		{B39077A8-6EA5-44B3-ACEA-541E6C8A589F}.Debug|Any CPU.ActiveCfg = Debug|Any CPU
		{B39077A8-6EA5-44B3-ACEA-541E6C8A589F}.Debug|Any CPU.Build.0 = Debug|Any CPU
		{B39077A8-6EA5-44B3-ACEA-541E6C8A589F}.Debug|ARM.ActiveCfg = Debug|Any CPU
		{B39077A8-6EA5-44B3-ACEA-541E6C8A589F}.Debug|ARM.Build.0 = Debug|Any CPU
		{B39077A8-6EA5-44B3-ACEA-541E6C8A589F}.Debug|ARM64.ActiveCfg = Debug|Any CPU
		{B39077A8-6EA5-44B3-ACEA-541E6C8A589F}.Debug|ARM64.Build.0 = Debug|Any CPU
		{B39077A8-6EA5-44B3-ACEA-541E6C8A589F}.Debug|x64.ActiveCfg = Debug|Any CPU
		{B39077A8-6EA5-44B3-ACEA-541E6C8A589F}.Debug|x64.Build.0 = Debug|Any CPU
		{B39077A8-6EA5-44B3-ACEA-541E6C8A589F}.Debug|x86.ActiveCfg = Debug|Any CPU
		{B39077A8-6EA5-44B3-ACEA-541E6C8A589F}.Debug|x86.Build.0 = Debug|Any CPU
		{B39077A8-6EA5-44B3-ACEA-541E6C8A589F}.Release|Any CPU.ActiveCfg = Release|Any CPU
		{B39077A8-6EA5-44B3-ACEA-541E6C8A589F}.Release|Any CPU.Build.0 = Release|Any CPU
		{B39077A8-6EA5-44B3-ACEA-541E6C8A589F}.Release|ARM.ActiveCfg = Release|Any CPU
		{B39077A8-6EA5-44B3-ACEA-541E6C8A589F}.Release|ARM.Build.0 = Release|Any CPU
		{B39077A8-6EA5-44B3-ACEA-541E6C8A589F}.Release|ARM64.ActiveCfg = Release|Any CPU
		{B39077A8-6EA5-44B3-ACEA-541E6C8A589F}.Release|ARM64.Build.0 = Release|Any CPU
		{B39077A8-6EA5-44B3-ACEA-541E6C8A589F}.Release|x64.ActiveCfg = Release|Any CPU
		{B39077A8-6EA5-44B3-ACEA-541E6C8A589F}.Release|x64.Build.0 = Release|Any CPU
		{B39077A8-6EA5-44B3-ACEA-541E6C8A589F}.Release|x86.ActiveCfg = Release|Any CPU
		{B39077A8-6EA5-44B3-ACEA-541E6C8A589F}.Release|x86.Build.0 = Release|Any CPU
		{CDF6ED10-EA6D-4C9D-98C6-99C265CD35D4}.Debug|Any CPU.ActiveCfg = Debug|Any CPU
		{CDF6ED10-EA6D-4C9D-98C6-99C265CD35D4}.Debug|Any CPU.Build.0 = Debug|Any CPU
		{CDF6ED10-EA6D-4C9D-98C6-99C265CD35D4}.Debug|ARM.ActiveCfg = Debug|Any CPU
		{CDF6ED10-EA6D-4C9D-98C6-99C265CD35D4}.Debug|ARM.Build.0 = Debug|Any CPU
		{CDF6ED10-EA6D-4C9D-98C6-99C265CD35D4}.Debug|ARM64.ActiveCfg = Debug|Any CPU
		{CDF6ED10-EA6D-4C9D-98C6-99C265CD35D4}.Debug|ARM64.Build.0 = Debug|Any CPU
		{CDF6ED10-EA6D-4C9D-98C6-99C265CD35D4}.Debug|x64.ActiveCfg = Debug|Any CPU
		{CDF6ED10-EA6D-4C9D-98C6-99C265CD35D4}.Debug|x64.Build.0 = Debug|Any CPU
		{CDF6ED10-EA6D-4C9D-98C6-99C265CD35D4}.Debug|x86.ActiveCfg = Debug|Any CPU
		{CDF6ED10-EA6D-4C9D-98C6-99C265CD35D4}.Debug|x86.Build.0 = Debug|Any CPU
		{CDF6ED10-EA6D-4C9D-98C6-99C265CD35D4}.Release|Any CPU.ActiveCfg = Release|Any CPU
		{CDF6ED10-EA6D-4C9D-98C6-99C265CD35D4}.Release|Any CPU.Build.0 = Release|Any CPU
		{CDF6ED10-EA6D-4C9D-98C6-99C265CD35D4}.Release|ARM.ActiveCfg = Release|Any CPU
		{CDF6ED10-EA6D-4C9D-98C6-99C265CD35D4}.Release|ARM.Build.0 = Release|Any CPU
		{CDF6ED10-EA6D-4C9D-98C6-99C265CD35D4}.Release|ARM64.ActiveCfg = Release|Any CPU
		{CDF6ED10-EA6D-4C9D-98C6-99C265CD35D4}.Release|ARM64.Build.0 = Release|Any CPU
		{CDF6ED10-EA6D-4C9D-98C6-99C265CD35D4}.Release|x64.ActiveCfg = Release|Any CPU
		{CDF6ED10-EA6D-4C9D-98C6-99C265CD35D4}.Release|x64.Build.0 = Release|Any CPU
		{CDF6ED10-EA6D-4C9D-98C6-99C265CD35D4}.Release|x86.ActiveCfg = Release|Any CPU
		{CDF6ED10-EA6D-4C9D-98C6-99C265CD35D4}.Release|x86.Build.0 = Release|Any CPU
		{6BE44636-2E12-4524-97B4-EB859173D5EC}.Debug|Any CPU.ActiveCfg = Debug|Any CPU
		{6BE44636-2E12-4524-97B4-EB859173D5EC}.Debug|Any CPU.Build.0 = Debug|Any CPU
		{6BE44636-2E12-4524-97B4-EB859173D5EC}.Debug|ARM.ActiveCfg = Debug|Any CPU
		{6BE44636-2E12-4524-97B4-EB859173D5EC}.Debug|ARM.Build.0 = Debug|Any CPU
		{6BE44636-2E12-4524-97B4-EB859173D5EC}.Debug|ARM64.ActiveCfg = Debug|Any CPU
		{6BE44636-2E12-4524-97B4-EB859173D5EC}.Debug|ARM64.Build.0 = Debug|Any CPU
		{6BE44636-2E12-4524-97B4-EB859173D5EC}.Debug|x64.ActiveCfg = Debug|Any CPU
		{6BE44636-2E12-4524-97B4-EB859173D5EC}.Debug|x64.Build.0 = Debug|Any CPU
		{6BE44636-2E12-4524-97B4-EB859173D5EC}.Debug|x86.ActiveCfg = Debug|Any CPU
		{6BE44636-2E12-4524-97B4-EB859173D5EC}.Debug|x86.Build.0 = Debug|Any CPU
		{6BE44636-2E12-4524-97B4-EB859173D5EC}.Release|Any CPU.ActiveCfg = Release|Any CPU
		{6BE44636-2E12-4524-97B4-EB859173D5EC}.Release|Any CPU.Build.0 = Release|Any CPU
		{6BE44636-2E12-4524-97B4-EB859173D5EC}.Release|ARM.ActiveCfg = Release|Any CPU
		{6BE44636-2E12-4524-97B4-EB859173D5EC}.Release|ARM.Build.0 = Release|Any CPU
		{6BE44636-2E12-4524-97B4-EB859173D5EC}.Release|ARM64.ActiveCfg = Release|Any CPU
		{6BE44636-2E12-4524-97B4-EB859173D5EC}.Release|ARM64.Build.0 = Release|Any CPU
		{6BE44636-2E12-4524-97B4-EB859173D5EC}.Release|x64.ActiveCfg = Release|Any CPU
		{6BE44636-2E12-4524-97B4-EB859173D5EC}.Release|x64.Build.0 = Release|Any CPU
		{6BE44636-2E12-4524-97B4-EB859173D5EC}.Release|x86.ActiveCfg = Release|Any CPU
		{6BE44636-2E12-4524-97B4-EB859173D5EC}.Release|x86.Build.0 = Release|Any CPU
		{59CD7F2A-0289-4DD1-82EA-339ED69AA072}.Debug|Any CPU.ActiveCfg = Debug|Any CPU
		{59CD7F2A-0289-4DD1-82EA-339ED69AA072}.Debug|Any CPU.Build.0 = Debug|Any CPU
		{59CD7F2A-0289-4DD1-82EA-339ED69AA072}.Debug|ARM.ActiveCfg = Debug|Any CPU
		{59CD7F2A-0289-4DD1-82EA-339ED69AA072}.Debug|ARM.Build.0 = Debug|Any CPU
		{59CD7F2A-0289-4DD1-82EA-339ED69AA072}.Debug|ARM64.ActiveCfg = Debug|Any CPU
		{59CD7F2A-0289-4DD1-82EA-339ED69AA072}.Debug|ARM64.Build.0 = Debug|Any CPU
		{59CD7F2A-0289-4DD1-82EA-339ED69AA072}.Debug|x64.ActiveCfg = Debug|Any CPU
		{59CD7F2A-0289-4DD1-82EA-339ED69AA072}.Debug|x64.Build.0 = Debug|Any CPU
		{59CD7F2A-0289-4DD1-82EA-339ED69AA072}.Debug|x86.ActiveCfg = Debug|Any CPU
		{59CD7F2A-0289-4DD1-82EA-339ED69AA072}.Debug|x86.Build.0 = Debug|Any CPU
		{59CD7F2A-0289-4DD1-82EA-339ED69AA072}.Release|Any CPU.ActiveCfg = Release|Any CPU
		{59CD7F2A-0289-4DD1-82EA-339ED69AA072}.Release|Any CPU.Build.0 = Release|Any CPU
		{59CD7F2A-0289-4DD1-82EA-339ED69AA072}.Release|ARM.ActiveCfg = Release|Any CPU
		{59CD7F2A-0289-4DD1-82EA-339ED69AA072}.Release|ARM.Build.0 = Release|Any CPU
		{59CD7F2A-0289-4DD1-82EA-339ED69AA072}.Release|ARM64.ActiveCfg = Release|Any CPU
		{59CD7F2A-0289-4DD1-82EA-339ED69AA072}.Release|ARM64.Build.0 = Release|Any CPU
		{59CD7F2A-0289-4DD1-82EA-339ED69AA072}.Release|x64.ActiveCfg = Release|Any CPU
		{59CD7F2A-0289-4DD1-82EA-339ED69AA072}.Release|x64.Build.0 = Release|Any CPU
		{59CD7F2A-0289-4DD1-82EA-339ED69AA072}.Release|x86.ActiveCfg = Release|Any CPU
		{59CD7F2A-0289-4DD1-82EA-339ED69AA072}.Release|x86.Build.0 = Release|Any CPU
	EndGlobalSection
	GlobalSection(SolutionProperties) = preSolution
		HideSolutionNode = FALSE
	EndGlobalSection
	GlobalSection(ExtensibilityGlobals) = postSolution
		SolutionGuid = {CFC7BBFC-810B-491B-AD2A-82D7C7A5847C}
	EndGlobalSection
EndGlobal
